
Microsoft Visual Studio Solution File, Format Version 12.00
# Visual Studio Version 17
VisualStudioVersion = 17.11.35222.181
MinimumVisualStudioVersion = 10.0.40219.1
Project("{FAE04EC0-301F-11D3-BF4B-00C04F79EFBC}") = "MethodParameters_Oct_261124", "MethodParameters_Oct_261124\MethodParameters_Oct_261124.csproj", "{C14D526C-ED88-410D-A4E5-471B76D63A24}"
EndProject
Global
	GlobalSection(SolutionConfigurationPlatforms) = preSolution
		Debug|Any CPU = Debug|Any CPU
		Release|Any CPU = Release|Any CPU
	EndGlobalSection
	GlobalSection(ProjectConfigurationPlatforms) = postSolution
		{C14D526C-ED88-410D-A4E5-471B76D63A24}.Debug|Any CPU.ActiveCfg = Debug|Any CPU
		{C14D526C-ED88-410D-A4E5-471B76D63A24}.Debug|Any CPU.Build.0 = Debug|Any CPU
		{C14D526C-ED88-410D-A4E5-471B76D63A24}.Release|Any CPU.ActiveCfg = Release|Any CPU
		{C14D526C-ED88-410D-A4E5-471B76D63A24}.Release|Any CPU.Build.0 = Release|Any CPU
	EndGlobalSection
	GlobalSection(SolutionProperties) = preSolution
		HideSolutionNode = FALSE
	EndGlobalSection
	GlobalSection(ExtensibilityGlobals) = postSolution
		SolutionGuid = {7A9354C1-5DD6-40B9-99DC-87774B555E29}
	EndGlobalSection
EndGlobal
